PODS:
  - Alamofire (4.8.2)
  - Cache (5.2.0)
  - FLAnimatedImage (1.0.12)
  - GoogleMaps (3.1.0):
    - GoogleMaps/Maps (= 3.1.0)
  - GoogleMaps/Base (3.1.0)
  - GoogleMaps/Maps (3.1.0):
    - GoogleMaps/Base
  - GooglePlaces (3.1.0):
    - GoogleMaps/Base (= 3.1.0)
  - IGListKit (3.4.0):
    - IGListKit/Default (= 3.4.0)
  - IGListKit/Default (3.4.0):
    - IGListKit/Diffing
  - IGListKit/Diffing (3.4.0)
  - KeychainAccess (3.2.0)
  - lottie-ios (3.1.0)
  - Moya (11.0.2):
    - Moya/Core (= 11.0.2)
  - Moya/Core (11.0.2):
    - Alamofire (~> 4.1)
    - Result (~> 3.0)
  - ObjcExceptionBridging (1.0.1):
    - ObjcExceptionBridging/ObjcExceptionBridging (= 1.0.1)
  - ObjcExceptionBridging/ObjcExceptionBridging (1.0.1)
  - PhoneNumberKit (2.6.0):
    - PhoneNumberKit/PhoneNumberKitCore (= 2.6.0)
    - PhoneNumberKit/UIKit (= 2.6.0)
  - PhoneNumberKit/PhoneNumberKitCore (2.6.0)
  - PhoneNumberKit/UIKit (2.6.0):
    - PhoneNumberKit/PhoneNumberKitCore
  - Result (3.2.4)
  - SDWebImage (4.4.7):
    - SDWebImage/Core (= 4.4.7)
  - SDWebImage/Core (4.4.7)
  - SkeletonView (1.6)
  - SnapKit (5.0.0)
  - Stripe (15.0.1)
  - SwiftDate (6.0.3)
  - SwiftyJSON (5.0.0)
  - SwipeCellKit (2.6.0)
  - XCGLogger (7.0.0):
    - XCGLogger/Core (= 7.0.0)
  - XCGLogger/Core (7.0.0):
    - ObjcExceptionBridging

DEPENDENCIES:
  - Alamofire
  - Cache
  - FLAnimatedImage (~> 1.0)
  - GoogleMaps
  - GooglePlaces
  - IGListKit
  - KeychainAccess
  - lottie-ios
  - Moya (~> 11.0)
  - PhoneNumberKit (~> 2.1)
  - SDWebImage (~> 4.0)
  - SkeletonView
  - SnapKit
  - Stripe
  - SwiftDate
  - SwiftyJSON
  - SwipeCellKit
  - XCGLogger

SPEC REPOS:
  https://github.com/cocoapods/specs.git:
    - Alamofire
    - Cache
    - FLAnimatedImage
    - GoogleMaps
    - GooglePlaces
    - IGListKit
    - KeychainAccess
    - lottie-ios
    - Moya
    - ObjcExceptionBridging
    - PhoneNumberKit
    - Result
    - SDWebImage
    - SkeletonView
    - SnapKit
    - Stripe
    - SwiftDate
    - SwiftyJSON
    - SwipeCellKit
    - XCGLogger

SPEC CHECKSUMS:
  Alamofire: ae5c501addb7afdbb13687d7f2f722c78734c2d3
  Cache: 807c5d86d01a177f06ede9865add3aea269bbfd4
  FLAnimatedImage: 4a0b56255d9b05f18b6dd7ee06871be5d3b89e31
  GoogleMaps: 5c13302e6fe6bb6e686b267196586b91cd594225
  GooglePlaces: e874db179f2675c4f3eeda0b686b540273a578b0
  IGListKit: 7a5d788e9fb746bcd402baa8e8b24bc3bd2a5a07
  KeychainAccess: 3b1bf8a77eb4c6ea1ce9404c292e48f948954c6b
  lottie-ios: 9467723922dfff46f6d4e3019c32594a62440b7c
  Moya: a725035953bc1c0eb1be505ab903984501d82440
  ObjcExceptionBridging: c30e00eb3700467e695faeea30e26e18bd445001
  PhoneNumberKit: 167ee1f0bbb6efce7c62559e620eae745595532f
  Result: d2d07204ce72856f1fd9130bbe42c35a7b0fea10
  SDWebImage: c10d14a8883ebd89664f02a422006f66a85c0c5d
  SkeletonView: 6c2bf622c352c7e36b4f3c8d73afc46d6c9360d6
  SnapKit: fd22d10eb9aff484d79a8724eab922c1ddf89bcf
  Stripe: 2c4d0a88817361a102886315ff452d90f65e898b
  SwiftDate: 8d4f14bf1ef68e95094511504856547bf9e3e1a6
  SwiftyJSON: 36413e04c44ee145039d332b4f4e2d3e8d6c4db7
  SwipeCellKit: 935ca28c187ec6e1ffb2b578cf8ddca842bfdcbb
  XCGLogger: 0434f15e3909cdc450bb63faf638b8792ab782ab

PODFILE CHECKSUM: 094cc99fdb662e040f77b7d84da100fda89e7332

COCOAPODS: 1.7.0.rc.2
